
Microsoft Visual Studio Solution File, Format Version 12.00
# Visual Studio 2013
VisualStudioVersion = 12.0.30501.0
MinimumVisualStudioVersion = 10.0.40219.1
Project("{8BC9CEB8-8B4A-11D0-8D11-00A0C91BC942}") = "Encoding", "Encoding\Encoding.vcxproj", "{912D2DD8-C356-45F5-B713-AA353D55CE92}"
EndProject
Global
	GlobalSection(SolutionConfigurationPlatforms) = preSolution
		Debug|Win32 = Debug|Win32
		Release|Win32 = Release|Win32
	EndGlobalSection
	GlobalSection(ProjectConfigurationPlatforms) = postSolution
		{912D2DD8-C356-45F5-B713-AA353D55CE92}.Debug|Win32.ActiveCfg = Debug|Win32
		{912D2DD8-C356-45F5-B713-AA353D55CE92}.Debug|Win32.Build.0 = Debug|Win32
		{912D2DD8-C356-45F5-B713-AA353D55CE92}.Release|Win32.ActiveCfg = Release|Win32
		{912D2DD8-C356-45F5-B713-AA353D55CE92}.Release|Win32.Build.0 = Release|Win32
	EndGlobalSection
	GlobalSection(SolutionProperties) = preSolution
		HideSolutionNode = FALSE
	EndGlobalSection
EndGlobal
